
Microsoft Visual Studio Solution File, Format Version 12.00
# Visual Studio Version 17
VisualStudioVersion = 17.0.31903.59
MinimumVisualStudioVersion = 10.0.40219.1
Project("{FAE04EC0-301F-11D3-BF4B-00C04F79EFBC}") = "Selfie.Lib", "Selfie.Lib\Selfie.Lib.csproj", "{0C86E00C-58C3-479B-AD4D-101FA09A546B}"
EndProject
Project("{FAE04EC0-301F-11D3-BF4B-00C04F79EFBC}") = "Selfie.Lib.Tests", "Selfie.Lib.Tests\Selfie.Lib.Tests.csproj", "{B1D35B3C-47F1-4401-BE1A-C2C80BA2E24A}"
EndProject
Project("{FAE04EC0-301F-11D3-BF4B-00C04F79EFBC}") = "Selfie.Runner.NUnit", "Selfie.Runner.NUnit\Selfie.Runner.NUnit.csproj", "{3AF2C469-DE32-41CF-9225-E8C59BEB3A2A}"
EndProject
Global
	GlobalSection(SolutionConfigurationPlatforms) = preSolution
		Debug|Any CPU = Debug|Any CPU
		Release|Any CPU = Release|Any CPU
	EndGlobalSection
	GlobalSection(SolutionProperties) = preSolution
		HideSolutionNode = FALSE
	EndGlobalSection
	GlobalSection(ProjectConfigurationPlatforms) = postSolution
		{0C86E00C-58C3-479B-AD4D-101FA09A546B}.Debug|Any CPU.ActiveCfg = Debug|Any CPU
		{0C86E00C-58C3-479B-AD4D-101FA09A546B}.Debug|Any CPU.Build.0 = Debug|Any CPU
		{0C86E00C-58C3-479B-AD4D-101FA09A546B}.Release|Any CPU.ActiveCfg = Release|Any CPU
		{0C86E00C-58C3-479B-AD4D-101FA09A546B}.Release|Any CPU.Build.0 = Release|Any CPU
		{B1D35B3C-47F1-4401-BE1A-C2C80BA2E24A}.Debug|Any CPU.ActiveCfg = Debug|Any CPU
		{B1D35B3C-47F1-4401-BE1A-C2C80BA2E24A}.Debug|Any CPU.Build.0 = Debug|Any CPU
		{B1D35B3C-47F1-4401-BE1A-C2C80BA2E24A}.Release|Any CPU.ActiveCfg = Release|Any CPU
		{B1D35B3C-47F1-4401-BE1A-C2C80BA2E24A}.Release|Any CPU.Build.0 = Release|Any CPU
		{3AF2C469-DE32-41CF-9225-E8C59BEB3A2A}.Debug|Any CPU.ActiveCfg = Debug|Any CPU
		{3AF2C469-DE32-41CF-9225-E8C59BEB3A2A}.Debug|Any CPU.Build.0 = Debug|Any CPU
		{3AF2C469-DE32-41CF-9225-E8C59BEB3A2A}.Release|Any CPU.ActiveCfg = Release|Any CPU
		{3AF2C469-DE32-41CF-9225-E8C59BEB3A2A}.Release|Any CPU.Build.0 = Release|Any CPU
	EndGlobalSection
EndGlobal
