# This file is automatically @generated by Poetry 1.7.1 and should not be changed by hand.

[[package]]
name = "colorama"
version = "0.4.6"
description = "Cross-platform colored terminal text."
optional = false
python-versions = "!=3.0.*,!=3.1.*,!=3.2.*,!=3.3.*,!=3.4.*,!=3.5.*,!=3.6.*,>=2.7"
files = [
    {file = "colorama-0.4.6-py2.py3-none-any.whl", hash = "sha256:4f1d9991f5acc0ca119f9d443620b77f9d6b33703e51011c16baf57afb285fc6"},
    {file = "colorama-0.4.6.tar.gz", hash = "sha256:08695f5cb7ed6e0531a20572697297273c47b8cae5a63ffc6d6ed5c201be6e44"},
]

[[package]]
name = "iniconfig"
version = "2.0.0"
description = "brain-dead simple config-ini parsing"
optional = false
python-versions = ">=3.7"
files = [
    {file = "iniconfig-2.0.0-py3-none-any.whl", hash = "sha256:b6a85871a79d2e3b22d2d1b94ac2824226a63c6b741c88f7ae975f18b6778374"},
    {file = "iniconfig-2.0.0.tar.gz", hash = "sha256:2d91e135bf72d31a410b17c16da610a82cb55f6b0477d1a902134b24a455b8b3"},
]

[[package]]
name = "nodeenv"
version = "1.8.0"
description = "Node.js virtual environment builder"
optional = false
python-versions = ">=2.7,!=3.0.*,!=3.1.*,!=3.2.*,!=3.3.*,!=3.4.*,!=3.5.*,!=3.6.*"
files = [
    {file = "nodeenv-1.8.0-py2.py3-none-any.whl", hash = "sha256:df865724bb3c3adc86b3876fa209771517b0cfe596beff01a92700e0e8be4cec"},
    {file = "nodeenv-1.8.0.tar.gz", hash = "sha256:d51e0c37e64fbf47d017feac3145cdbb58836d7eee8c6f6d3b6880c5456227d2"},
]

[package.dependencies]
setuptools = "*"

[[package]]
name = "packaging"
version = "23.2"
description = "Core utilities for Python packages"
optional = false
python-versions = ">=3.7"
files = [
    {file = "packaging-23.2-py3-none-any.whl", hash = "sha256:8c491190033a9af7e1d931d0b5dacc2ef47509b34dd0de67ed209b5203fc88c7"},
    {file = "packaging-23.2.tar.gz", hash = "sha256:048fb0e9405036518eaaf48a55953c750c11e1a1b68e0dd1a9d62ed0c092cfc5"},
]

[[package]]
name = "pluggy"
version = "1.4.0"
description = "plugin and hook calling mechanisms for python"
optional = false
python-versions = ">=3.8"
files = [
    {file = "pluggy-1.4.0-py3-none-any.whl", hash = "sha256:7db9f7b503d67d1c5b95f59773ebb58a8c1c288129a88665838012cfb07b8981"},
    {file = "pluggy-1.4.0.tar.gz", hash = "sha256:8c85c2876142a764e5b7548e7d9a0e0ddb46f5185161049a79b7e974454223be"},
]

[package.extras]
dev = ["pre-commit", "tox"]
testing = ["pytest", "pytest-benchmark"]

[[package]]
name = "pyright"
version = "1.1.355"
description = "Command line wrapper for pyright"
optional = false
python-versions = ">=3.7"
files = [
    {file = "pyright-1.1.355-py3-none-any.whl", hash = "sha256:bf30b6728fd68ae7d09c98292b67152858dd89738569836896df786e52b5fe48"},
    {file = "pyright-1.1.355.tar.gz", hash = "sha256:dca4104cd53d6484e6b1b50b7a239ad2d16d2ffd20030bcf3111b56f44c263bf"},
]

[package.dependencies]
nodeenv = ">=1.6.0"

[package.extras]
all = ["twine (>=3.4.1)"]
dev = ["twine (>=3.4.1)"]

[[package]]
name = "pytest"
version = "8.1.1"
description = "pytest: simple powerful testing with Python"
optional = false
python-versions = ">=3.8"
files = [
    {file = "pytest-8.1.1-py3-none-any.whl", hash = "sha256:2a8386cfc11fa9d2c50ee7b2a57e7d898ef90470a7a34c4b949ff59662bb78b7"},
    {file = "pytest-8.1.1.tar.gz", hash = "sha256:ac978141a75948948817d360297b7aae0fcb9d6ff6bc9ec6d514b85d5a65c044"},
]

[package.dependencies]
colorama = {version = "*", markers = "sys_platform == \"win32\""}
iniconfig = "*"
packaging = "*"
pluggy = ">=1.4,<2.0"

[package.extras]
testing = ["argcomplete", "attrs (>=19.2)", "hypothesis (>=3.56)", "mock", "pygments (>=2.7.2)", "requests", "setuptools", "xmlschema"]

[[package]]
name = "ruff"
version = "0.3.3"
description = "An extremely fast Python linter and code formatter, written in Rust."
optional = false
python-versions = ">=3.7"
files = [
    {file = "ruff-0.3.3-py3-none-macosx_10_12_x86_64.macosx_11_0_arm64.macosx_10_12_universal2.whl", hash = "sha256:973a0e388b7bc2e9148c7f9be8b8c6ae7471b9be37e1cc732f8f44a6f6d7720d"},
    {file = "ruff-0.3.3-py3-none-macosx_10_12_x86_64.whl", hash = "sha256:cfa60d23269d6e2031129b053fdb4e5a7b0637fc6c9c0586737b962b2f834493"},
    {file = "ruff-0.3.3-py3-none-manylinux_2_17_aarch64.manylinux2014_aarch64.whl", hash = "sha256:1eca7ff7a47043cf6ce5c7f45f603b09121a7cc047447744b029d1b719278eb5"},
    {file = "ruff-0.3.3-py3-none-manylinux_2_17_armv7l.manylinux2014_armv7l.whl", hash = "sha256:e7d3f6762217c1da954de24b4a1a70515630d29f71e268ec5000afe81377642d"},
    {file = "ruff-0.3.3-py3-none-manylinux_2_17_i686.manylinux2014_i686.whl", hash = "sha256:b24c19e8598916d9c6f5a5437671f55ee93c212a2c4c569605dc3842b6820386"},
    {file = "ruff-0.3.3-py3-none-manylinux_2_17_ppc64.manylinux2014_ppc64.whl", hash = "sha256:5a6cbf216b69c7090f0fe4669501a27326c34e119068c1494f35aaf4cc683778"},
    {file = "ruff-0.3.3-py3-none-manylinux_2_17_ppc64le.manylinux2014_ppc64le.whl", hash = "sha256:352e95ead6964974b234e16ba8a66dad102ec7bf8ac064a23f95371d8b198aab"},
    {file = "ruff-0.3.3-py3-none-manylinux_2_17_s390x.manylinux2014_s390x.whl", hash = "sha256:8d6ab88c81c4040a817aa432484e838aaddf8bfd7ca70e4e615482757acb64f8"},
    {file = "ruff-0.3.3-py3-none-manylinux_2_17_x86_64.manylinux2014_x86_64.whl", hash = "sha256:79bca3a03a759cc773fca69e0bdeac8abd1c13c31b798d5bb3c9da4a03144a9f"},
    {file = "ruff-0.3.3-py3-none-musllinux_1_2_aarch64.whl", hash = "sha256:2700a804d5336bcffe063fd789ca2c7b02b552d2e323a336700abb8ae9e6a3f8"},
    {file = "ruff-0.3.3-py3-none-musllinux_1_2_armv7l.whl", hash = "sha256:fd66469f1a18fdb9d32e22b79f486223052ddf057dc56dea0caaf1a47bdfaf4e"},
    {file = "ruff-0.3.3-py3-none-musllinux_1_2_i686.whl", hash = "sha256:45817af234605525cdf6317005923bf532514e1ea3d9270acf61ca2440691376"},
    {file = "ruff-0.3.3-py3-none-musllinux_1_2_x86_64.whl", hash = "sha256:0da458989ce0159555ef224d5b7c24d3d2e4bf4c300b85467b08c3261c6bc6a8"},
    {file = "ruff-0.3.3-py3-none-win32.whl", hash = "sha256:f2831ec6a580a97f1ea82ea1eda0401c3cdf512cf2045fa3c85e8ef109e87de0"},
    {file = "ruff-0.3.3-py3-none-win_amd64.whl", hash = "sha256:be90bcae57c24d9f9d023b12d627e958eb55f595428bafcb7fec0791ad25ddfc"},
    {file = "ruff-0.3.3-py3-none-win_arm64.whl", hash = "sha256:0171aab5fecdc54383993389710a3d1227f2da124d76a2784a7098e818f92d61"},
    {file = "ruff-0.3.3.tar.gz", hash = "sha256:38671be06f57a2f8aba957d9f701ea889aa5736be806f18c0cd03d6ff0cbca8d"},
]

[[package]]
name = "setuptools"
version = "69.1.0"
description = "Easily download, build, install, upgrade, and uninstall Python packages"
optional = false
python-versions = ">=3.8"
files = [
    {file = "setuptools-69.1.0-py3-none-any.whl", hash = "sha256:c054629b81b946d63a9c6e732bc8b2513a7c3ea645f11d0139a2191d735c60c6"},
    {file = "setuptools-69.1.0.tar.gz", hash = "sha256:850894c4195f09c4ed30dba56213bf7c3f21d86ed6bdaafb5df5972593bfc401"},
]

[package.extras]
docs = ["furo", "jaraco.packaging (>=9.3)", "jaraco.tidelift (>=1.4)", "pygments-github-lexers (==0.0.5)", "rst.linker (>=1.9)", "sphinx (<7.2.5)", "sphinx (>=3.5)", "sphinx-favicon", "sphinx-inline-tabs", "sphinx-lint", "sphinx-notfound-page (>=1,<2)", "sphinx-reredirects", "sphinxcontrib-towncrier"]
testing = ["build[virtualenv]", "filelock (>=3.4.0)", "flake8-2020", "ini2toml[lite] (>=0.9)", "jaraco.develop (>=7.21)", "jaraco.envs (>=2.2)", "jaraco.path (>=3.2.0)", "pip (>=19.1)", "pytest (>=6)", "pytest-checkdocs (>=2.4)", "pytest-cov", "pytest-enabler (>=2.2)", "pytest-home (>=0.5)", "pytest-mypy (>=0.9.1)", "pytest-perf", "pytest-ruff (>=0.2.1)", "pytest-timeout", "pytest-xdist", "tomli-w (>=1.0.0)", "virtualenv (>=13.0.0)", "wheel"]
testing-integration = ["build[virtualenv] (>=1.0.3)", "filelock (>=3.4.0)", "jaraco.envs (>=2.2)", "jaraco.path (>=3.2.0)", "packaging (>=23.1)", "pytest", "pytest-enabler", "pytest-xdist", "tomli", "virtualenv (>=13.0.0)", "wheel"]

[metadata]
lock-version = "2.0"
python-versions = "^3.12"
content-hash = "6ce954c03c650b1d749553f30b6e1c741bc67451a6c8e6ddb2d40488563420aa"
